
Microsoft Visual Studio Solution File, Format Version 12.00
# Visual Studio Version 17
VisualStudioVersion = 17.5.33502.453
MinimumVisualStudioVersion = 10.0.40219.1
Project("{9A19103F-16F7-4668-BE54-9A1E7A4F7556}") = "ConsoleApp2", "ConsoleApp2\ConsoleApp2.csproj", "{FA8DCBD7-6A4C-41F1-A1CE-4A12B7F78EE9}"
EndProject
Project("{9A19103F-16F7-4668-BE54-9A1E7A4F7556}") = "ConsoleApp1", "ConsoleApp1\ConsoleApp1.csproj", "{B7E6386D-AC73-4840-BCFC-CA4A1E295F02}"
EndProject
Project("{FAE04EC0-301F-11D3-BF4B-00C04F79EFBC}") = "ConsoleApp3", "ConsoleApp3\ConsoleApp3.csproj", "{DCE702CB-975B-4ABC-84E5-51CC07BEE561}"
EndProject
Global
	GlobalSection(SolutionConfigurationPlatforms) = preSolution
		Debug|Any CPU = Debug|Any CPU
		Release|Any CPU = Release|Any CPU
	EndGlobalSection
	GlobalSection(ProjectConfigurationPlatforms) = postSolution
		{FA8DCBD7-6A4C-41F1-A1CE-4A12B7F78EE9}.Debug|Any CPU.ActiveCfg = Debug|Any CPU
		{FA8DCBD7-6A4C-41F1-A1CE-4A12B7F78EE9}.Debug|Any CPU.Build.0 = Debug|Any CPU
		{FA8DCBD7-6A4C-41F1-A1CE-4A12B7F78EE9}.Release|Any CPU.ActiveCfg = Release|Any CPU
		{FA8DCBD7-6A4C-41F1-A1CE-4A12B7F78EE9}.Release|Any CPU.Build.0 = Release|Any CPU
		{B7E6386D-AC73-4840-BCFC-CA4A1E295F02}.Debug|Any CPU.ActiveCfg = Debug|Any CPU
		{B7E6386D-AC73-4840-BCFC-CA4A1E295F02}.Debug|Any CPU.Build.0 = Debug|Any CPU
		{B7E6386D-AC73-4840-BCFC-CA4A1E295F02}.Release|Any CPU.ActiveCfg = Release|Any CPU
		{B7E6386D-AC73-4840-BCFC-CA4A1E295F02}.Release|Any CPU.Build.0 = Release|Any CPU
		{DCE702CB-975B-4ABC-84E5-51CC07BEE561}.Debug|Any CPU.ActiveCfg = Debug|Any CPU
		{DCE702CB-975B-4ABC-84E5-51CC07BEE561}.Debug|Any CPU.Build.0 = Debug|Any CPU
		{DCE702CB-975B-4ABC-84E5-51CC07BEE561}.Release|Any CPU.ActiveCfg = Release|Any CPU
		{DCE702CB-975B-4ABC-84E5-51CC07BEE561}.Release|Any CPU.Build.0 = Release|Any CPU
	EndGlobalSection
	GlobalSection(SolutionProperties) = preSolution
		HideSolutionNode = FALSE
	EndGlobalSection
	GlobalSection(ExtensibilityGlobals) = postSolution
		SolutionGuid = {B1C59335-3653-45E3-B79C-BEFECBDC4C22}
	EndGlobalSection
EndGlobal
